
Microsoft Visual Studio Solution File, Format Version 12.00
# Visual Studio 2012
Project("{FAE04EC0-301F-11D3-BF4B-00C04F79EFBC}") = "ElectionMonitoring", "ElectionMonitoring\ElectionMonitoring.csproj", "{B3F11DCA-F02E-4A94-8809-D58AF3FCDB72}"
EndProject
Project("{FAE04EC0-301F-11D3-BF4B-00C04F79EFBC}") = "ElectionMonitoring.Data", "ElectionMonitoring.Data\ElectionMonitoring.Data.csproj", "{C75D8E60-C293-4059-A273-F3D914A871BA}"
EndProject
Project("{FAE04EC0-301F-11D3-BF4B-00C04F79EFBC}") = "ElectionMonitoring.Models", "ElectionMonitoring.Models\ElectionMonitoring.Models.csproj", "{4293D631-57C7-4996-AE52-73A4585B2EE7}"
EndProject
Project("{FAE04EC0-301F-11D3-BF4B-00C04F79EFBC}") = "ElectionMonitoring.Business", "ElectionMonitoring.Business\ElectionMonitoring.Business.csproj", "{E174D299-2B9A-403E-844E-2C049A179E17}"
EndProject
Project("{2150E333-8FDC-42A3-9474-1A3956D46DE8}") = ".nuget", ".nuget", "{AE21CE88-33FE-4AAC-93AA-0EF307E4E50D}"
	ProjectSection(SolutionItems) = preProject
		.nuget\NuGet.Config = .nuget\NuGet.Config
		.nuget\NuGet.exe = .nuget\NuGet.exe
		.nuget\NuGet.targets = .nuget\NuGet.targets
	EndProjectSection
EndProject
Project("{FAE04EC0-301F-11D3-BF4B-00C04F79EFBC}") = "ElectionMonitoring.UnitTests", "ElectionMonitoring.UnitTests\ElectionMonitoring.UnitTests.csproj", "{5CAE8C29-98A1-427E-96D2-9A3C7387101C}"
EndProject
Global
	GlobalSection(SolutionConfigurationPlatforms) = preSolution
		Debug|Any CPU = Debug|Any CPU
		Release|Any CPU = Release|Any CPU
	EndGlobalSection
	GlobalSection(ProjectConfigurationPlatforms) = postSolution
		{B3F11DCA-F02E-4A94-8809-D58AF3FCDB72}.Debug|Any CPU.ActiveCfg = Debug|Any CPU
		{B3F11DCA-F02E-4A94-8809-D58AF3FCDB72}.Debug|Any CPU.Build.0 = Debug|Any CPU
		{B3F11DCA-F02E-4A94-8809-D58AF3FCDB72}.Release|Any CPU.ActiveCfg = Release|Any CPU
		{B3F11DCA-F02E-4A94-8809-D58AF3FCDB72}.Release|Any CPU.Build.0 = Release|Any CPU
		{C75D8E60-C293-4059-A273-F3D914A871BA}.Debug|Any CPU.ActiveCfg = Debug|Any CPU
		{C75D8E60-C293-4059-A273-F3D914A871BA}.Debug|Any CPU.Build.0 = Debug|Any CPU
		{C75D8E60-C293-4059-A273-F3D914A871BA}.Release|Any CPU.ActiveCfg = Release|Any CPU
		{C75D8E60-C293-4059-A273-F3D914A871BA}.Release|Any CPU.Build.0 = Release|Any CPU
		{4293D631-57C7-4996-AE52-73A4585B2EE7}.Debug|Any CPU.ActiveCfg = Debug|Any CPU
		{4293D631-57C7-4996-AE52-73A4585B2EE7}.Debug|Any CPU.Build.0 = Debug|Any CPU
		{4293D631-57C7-4996-AE52-73A4585B2EE7}.Release|Any CPU.ActiveCfg = Release|Any CPU
		{4293D631-57C7-4996-AE52-73A4585B2EE7}.Release|Any CPU.Build.0 = Release|Any CPU
		{E174D299-2B9A-403E-844E-2C049A179E17}.Debug|Any CPU.ActiveCfg = Debug|Any CPU
		{E174D299-2B9A-403E-844E-2C049A179E17}.Debug|Any CPU.Build.0 = Debug|Any CPU
		{E174D299-2B9A-403E-844E-2C049A179E17}.Release|Any CPU.ActiveCfg = Release|Any CPU
		{E174D299-2B9A-403E-844E-2C049A179E17}.Release|Any CPU.Build.0 = Release|Any CPU
		{5CAE8C29-98A1-427E-96D2-9A3C7387101C}.Debug|Any CPU.ActiveCfg = Debug|Any CPU
		{5CAE8C29-98A1-427E-96D2-9A3C7387101C}.Debug|Any CPU.Build.0 = Debug|Any CPU
		{5CAE8C29-98A1-427E-96D2-9A3C7387101C}.Release|Any CPU.ActiveCfg = Release|Any CPU
		{5CAE8C29-98A1-427E-96D2-9A3C7387101C}.Release|Any CPU.Build.0 = Release|Any CPU
	EndGlobalSection
	GlobalSection(SolutionProperties) = preSolution
		HideSolutionNode = FALSE
	EndGlobalSection
	GlobalSection(ExtensibilityGlobals) = postSolution
		EnterpriseLibraryConfigurationToolBinariesPath = packages\Unity.2.1.505.2\lib\NET35
	EndGlobalSection
EndGlobal
